
Microsoft Visual Studio Solution File, Format Version 11.00
# Visual Studio 2010
Project("{FAE04EC0-301F-11D3-BF4B-00C04F79EFBC}") = "Assembly-CSharp", "Assembly-CSharp.csproj", "{662d853f-a91f-b730-59fb-7c192f187da3}"
EndProject
Project("{FAE04EC0-301F-11D3-BF4B-00C04F79EFBC}") = "Assembly-CSharp-Editor", "Assembly-CSharp-Editor.csproj", "{5797ebd0-1db6-f282-1cc9-5539b57bea79}"
EndProject
Global
	GlobalSection(SolutionConfigurationPlatforms) = preSolution
		Debug|Any CPU = Debug|Any CPU
		Release|Any CPU = Release|Any CPU
	EndGlobalSection
	GlobalSection(ProjectConfigurationPlatforms) = postSolution
		{662d853f-a91f-b730-59fb-7c192f187da3}.Debug|Any CPU.ActiveCfg = Debug|Any CPU
		{662d853f-a91f-b730-59fb-7c192f187da3}.Debug|Any CPU.Build.0 = Debug|Any CPU
		{662d853f-a91f-b730-59fb-7c192f187da3}.Release|Any CPU.ActiveCfg = Release|Any CPU
		{662d853f-a91f-b730-59fb-7c192f187da3}.Release|Any CPU.Build.0 = Release|Any CPU
		{5797ebd0-1db6-f282-1cc9-5539b57bea79}.Debug|Any CPU.ActiveCfg = Debug|Any CPU
		{5797ebd0-1db6-f282-1cc9-5539b57bea79}.Debug|Any CPU.Build.0 = Debug|Any CPU
		{5797ebd0-1db6-f282-1cc9-5539b57bea79}.Release|Any CPU.ActiveCfg = Release|Any CPU
		{5797ebd0-1db6-f282-1cc9-5539b57bea79}.Release|Any CPU.Build.0 = Release|Any CPU
	EndGlobalSection
	GlobalSection(SolutionProperties) = preSolution
		HideSolutionNode = FALSE
	EndGlobalSection
EndGlobal
